PODS:
  - awesome_notifications (0.0.3):
    - Flutter
  - device_info (0.0.1):
    - Flutter
  - Flutter (1.0.0)
  - flutter_native_timezone (0.0.1):
    - Flutter
  - path_provider_foundation (0.0.1):
    - Flutter
    - FlutterMacOS
  - shared_preferences_foundation (0.0.1):
    - Flutter
    - FlutterMacOS

DEPENDENCIES:
  - awesome_notifications (from `.symlinks/plugins/awesome_notifications/ios`)
  - device_info (from `.symlinks/plugins/device_info/ios`)
  - Flutter (from `Flutter`)
  - flutter_native_timezone (from `.symlinks/plugins/flutter_native_timezone/ios`)
  - path_provider_foundation (from `.symlinks/plugins/path_provider_foundation/ios`)
  - shared_preferences_foundation (from `.symlinks/plugins/shared_preferences_foundation/ios`)

EXTERNAL SOURCES:
  awesome_notifications:
    :path: ".symlinks/plugins/awesome_notifications/ios"
  device_info:
    :path: ".symlinks/plugins/device_info/ios"
  Flutter:
    :path: Flutter
  flutter_native_timezone:
    :path: ".symlinks/plugins/flutter_native_timezone/ios"
  path_provider_foundation:
    :path: ".symlinks/plugins/path_provider_foundation/ios"
  shared_preferences_foundation:
    :path: ".symlinks/plugins/shared_preferences_foundation/ios"

SPEC CHECKSUMS:
  awesome_notifications: 04530aafec8dac4635244ed4b4072f4aea6cc938
  device_info: d7d233b645a32c40dfdc212de5cf646ca482f175
  Flutter: f04841e97a9d0b0a8025694d0796dd46242b2854
  flutter_native_timezone: 5f05b2de06c9776b4cc70e1839f03de178394d22
  path_provider_foundation: eaf5b3e458fc0e5fbb9940fb09980e853fe058b8
  shared_preferences_foundation: e2dae3258e06f44cc55f49d42024fd8dd03c590c

PODFILE CHECKSUM: 4e8f8b2be68aeea4c0d5beb6ff1e79fface1d048

COCOAPODS: 1.12.1
